Microsoft Visual Studio Solution File, Format Version 11.00
# Visual Studio 2008

Project("{F3DA8D7C-C4AC-B7DB-7DB5-A438980BB3D5}") = "DataStructures", "Assembly-CSharp.csproj", "{80BC3317-90FC-4613-D900-09288598B229}"
EndProject
Global
	GlobalSection(SolutionConfigurationPlatforms) = preSolution
		Debug|Any CPU = Debug|Any CPU
		Release|Any CPU = Release|Any CPU
	EndGlobalSection
	GlobalSection(ProjectConfigurationPlatforms) = postSolution
		{80BC3317-90FC-4613-D900-09288598B229}.Debug|Any CPU.ActiveCfg = Debug|Any CPU
		{80BC3317-90FC-4613-D900-09288598B229}.Debug|Any CPU.Build.0 = Debug|Any CPU
		{80BC3317-90FC-4613-D900-09288598B229}.Release|Any CPU.ActiveCfg = Release|Any CPU
		{80BC3317-90FC-4613-D900-09288598B229}.Release|Any CPU.Build.0 = Release|Any CPU
	EndGlobalSection
	GlobalSection(SolutionProperties) = preSolution
		HideSolutionNode = FALSE
	EndGlobalSection
	GlobalSection(MonoDevelopProperties) = preSolution
		StartupItem = Assembly-CSharp.csproj
	EndGlobalSection
EndGlobal
